version = 1
revision = 3
requires-python = ">=3.12"

[[package]]
name = "attrs"
version = "26.1.0"
source = { registry = "https://pypi.org/simple" }
sdist = { url = "https://files.pythonhosted.org/packages/9a/8e/82a0fe20a541c03148528be8cac2408564a6c9a0cc7e9171802bc1d26985/attrs-26.1.0.tar.gz", hash = "sha256:d03ceb89cb322a8fd706d4fb91940737b6642aa36998fe130a9bc96c985eff32", size = 952055, upload-time = "2026-03-19T14:22:25.026Z" }
wheels = [
    { url = "https://files.pythonhosted.org/packages/64/b4/17d4b0b2a2dc85a6df63d1157e028ed19f90d4cd97c36717afef2bc2f395/attrs-26.1.0-py3-none-any.whl", hash = "sha256:c647aa4a12dfbad9333ca4e71fe62ddc36f4e63b2d260a37a8b83d2f043ac309", size = 67548, upload-time = "2026-03-19T14:22:23.645Z" },
]

[[package]]
name = "more-itertools"
version = "11.1.0"
source = { registry = "https://pypi.org/simple" }
sdist = { url = "https://files.pythonhosted.org/packages/de/1d/f4da6f02cdffe04d6362210b807146a26044c88d839208aec273bb0d9184/more_itertools-11.1.0.tar.gz", hash = "sha256:48e8f4d9e7e5878571ecf6f2b4e57634f93cd474cc8cfbd2376f2d11b396e30d", size = 145772, upload-time = "2026-05-22T14:14:29.909Z" }
wheels = [
    { url = "https://files.pythonhosted.org/packages/e8/3d/1087453384dbde46a8c7f9356eead2c58be8a7bf156bca40243377c85715/more_itertools-11.1.0-py3-none-any.whl", hash = "sha256:4b65538ae22f6fed0ce4874efd317463a7489796a0939fa66824dd542125a192", size = 72226, upload-time = "2026-05-22T14:14:28.824Z" },
]

[[package]]
name = "seqtools"
version = "0.1.0"
source = { editable = "." }
dependencies = [
    { name = "attrs" },
    { name = "more-itertools" },
]

[package.metadata]
requires-dist = [
    { name = "attrs", specifier = ">=26.1.0" },
    { name = "more-itertools", specifier = ">=11.1.0" },
]
